
Microsoft Visual Studio Solution File, Format Version 12.00
# Visual Studio Version 17
VisualStudioVersion = 17.11.35327.3
MinimumVisualStudioVersion = 10.0.40219.1
Project("{FAE04EC0-301F-11D3-BF4B-00C04F79EFBC}") = "MyFitnessLife", "MyFitnessLife.csproj", "{362F35DD-F980-4C88-965A-32D724BD21C1}"
EndProject
Global
	GlobalSection(SolutionConfigurationPlatforms) = preSolution
		Debug|Any CPU = Debug|Any CPU
		Release|Any CPU = Release|Any CPU
	EndGlobalSection
	GlobalSection(ProjectConfigurationPlatforms) = postSolution
		{362F35DD-F980-4C88-965A-32D724BD21C1}.Debug|Any CPU.ActiveCfg = Debug|Any CPU
		{362F35DD-F980-4C88-965A-32D724BD21C1}.Debug|Any CPU.Build.0 = Debug|Any CPU
		{362F35DD-F980-4C88-965A-32D724BD21C1}.Release|Any CPU.ActiveCfg = Release|Any CPU
		{362F35DD-F980-4C88-965A-32D724BD21C1}.Release|Any CPU.Build.0 = Release|Any CPU
	EndGlobalSection
	GlobalSection(SolutionProperties) = preSolution
		HideSolutionNode = FALSE
	EndGlobalSection
	GlobalSection(ExtensibilityGlobals) = postSolution
		SolutionGuid = {3F72A174-6AC6-4A49-9882-48BCD746D579}
	EndGlobalSection
EndGlobal
